
Microsoft Visual Studio Solution File, Format Version 12.00
# Visual Studio Version 16
VisualStudioVersion = 16.0.33801.447
MinimumVisualStudioVersion = 10.0.40219.1
Project("{9A19103F-16F7-4668-BE54-9A1E7A4F7556}") = "DataAccess", "DataAccess\DataAccess.csproj", "{DEE86BA9-13C4-45ED-95F8-09C5F6AC6CE2}"
EndProject
Project("{9A19103F-16F7-4668-BE54-9A1E7A4F7556}") = "Business", "Business\Business.csproj", "{234B5473-E84A-429D-981B-8FF6A9505BE5}"
EndProject
Project("{9A19103F-16F7-4668-BE54-9A1E7A4F7556}") = "Entities", "Entities\Entities.csproj", "{FF6D90E7-CDB3-43E6-AE5A-CB68FB1DC96F}"
EndProject
Project("{9A19103F-16F7-4668-BE54-9A1E7A4F7556}") = "ConsoleUI", "ConsoleUI\ConsoleUI.csproj", "{0A14775C-B053-45C1-955F-4CB57AB06446}"
EndProject
Project("{9A19103F-16F7-4668-BE54-9A1E7A4F7556}") = "Core", "Core\Core.csproj", "{D5DF76BE-A83B-4BF3-84A1-8D919BFB85BD}"
EndProject
Project("{FAE04EC0-301F-11D3-BF4B-00C04F79EFBC}") = "WebAPI", "WebAPI\WebAPI.csproj", "{703E090C-4597-4FB3-BDFA-8C02D09A4DFF}"
EndProject
Global
	GlobalSection(SolutionConfigurationPlatforms) = preSolution
		Debug|Any CPU = Debug|Any CPU
		Release|Any CPU = Release|Any CPU
	EndGlobalSection
	GlobalSection(ProjectConfigurationPlatforms) = postSolution
		{DEE86BA9-13C4-45ED-95F8-09C5F6AC6CE2}.Debug|Any CPU.ActiveCfg = Debug|Any CPU
		{DEE86BA9-13C4-45ED-95F8-09C5F6AC6CE2}.Debug|Any CPU.Build.0 = Debug|Any CPU
		{DEE86BA9-13C4-45ED-95F8-09C5F6AC6CE2}.Release|Any CPU.ActiveCfg = Release|Any CPU
		{DEE86BA9-13C4-45ED-95F8-09C5F6AC6CE2}.Release|Any CPU.Build.0 = Release|Any CPU
		{234B5473-E84A-429D-981B-8FF6A9505BE5}.Debug|Any CPU.ActiveCfg = Debug|Any CPU
		{234B5473-E84A-429D-981B-8FF6A9505BE5}.Debug|Any CPU.Build.0 = Debug|Any CPU
		{234B5473-E84A-429D-981B-8FF6A9505BE5}.Release|Any CPU.ActiveCfg = Release|Any CPU
		{234B5473-E84A-429D-981B-8FF6A9505BE5}.Release|Any CPU.Build.0 = Release|Any CPU
		{FF6D90E7-CDB3-43E6-AE5A-CB68FB1DC96F}.Debug|Any CPU.ActiveCfg = Debug|Any CPU
		{FF6D90E7-CDB3-43E6-AE5A-CB68FB1DC96F}.Debug|Any CPU.Build.0 = Debug|Any CPU
		{FF6D90E7-CDB3-43E6-AE5A-CB68FB1DC96F}.Release|Any CPU.ActiveCfg = Release|Any CPU
		{FF6D90E7-CDB3-43E6-AE5A-CB68FB1DC96F}.Release|Any CPU.Build.0 = Release|Any CPU
		{0A14775C-B053-45C1-955F-4CB57AB06446}.Debug|Any CPU.ActiveCfg = Debug|Any CPU
		{0A14775C-B053-45C1-955F-4CB57AB06446}.Debug|Any CPU.Build.0 = Debug|Any CPU
		{0A14775C-B053-45C1-955F-4CB57AB06446}.Release|Any CPU.ActiveCfg = Release|Any CPU
		{0A14775C-B053-45C1-955F-4CB57AB06446}.Release|Any CPU.Build.0 = Release|Any CPU
		{D5DF76BE-A83B-4BF3-84A1-8D919BFB85BD}.Debug|Any CPU.ActiveCfg = Debug|Any CPU
		{D5DF76BE-A83B-4BF3-84A1-8D919BFB85BD}.Debug|Any CPU.Build.0 = Debug|Any CPU
		{D5DF76BE-A83B-4BF3-84A1-8D919BFB85BD}.Release|Any CPU.ActiveCfg = Release|Any CPU
		{D5DF76BE-A83B-4BF3-84A1-8D919BFB85BD}.Release|Any CPU.Build.0 = Release|Any CPU
		{703E090C-4597-4FB3-BDFA-8C02D09A4DFF}.Debug|Any CPU.ActiveCfg = Debug|Any CPU
		{703E090C-4597-4FB3-BDFA-8C02D09A4DFF}.Debug|Any CPU.Build.0 = Debug|Any CPU
		{703E090C-4597-4FB3-BDFA-8C02D09A4DFF}.Release|Any CPU.ActiveCfg = Release|Any CPU
		{703E090C-4597-4FB3-BDFA-8C02D09A4DFF}.Release|Any CPU.Build.0 = Release|Any CPU
	EndGlobalSection
	GlobalSection(SolutionProperties) = preSolution
		HideSolutionNode = FALSE
	EndGlobalSection
	GlobalSection(ExtensibilityGlobals) = postSolution
		SolutionGuid = {4F9AE621-D5DF-4495-81C6-2A37B551CA16}
	EndGlobalSection
EndGlobal
